# THIS IS AN AUTOGENERATED FILE. DO NOT EDIT THIS FILE DIRECTLY.
# yarn lockfile v1


stimulus-sortable@^4.0.0:
  version "4.0.0"
  resolved "https://registry.yarnpkg.com/stimulus-sortable/-/stimulus-sortable-4.0.0.tgz#bd713fc65c5620d6517648dc8fe9a09be9681bb0"
  integrity sha512-tvM7YWLrfMqLrWKm58PQmTd8D3zynS2j7NO40MErD02OY+pnUWcP2Y4ZM26EtcCzEnxSYxTeCVx9wXkO8uabVA==
